
Microsoft Visual Studio Solution File, Format Version 12.00
# Visual Studio Version 17
VisualStudioVersion = 17.5.33502.453
MinimumVisualStudioVersion = 10.0.40219.1
Project("{9A19103F-16F7-4668-BE54-9A1E7A4F7556}") = "Gateway.CrossCutting", "Gateway.CrossCutting\Gateway.CrossCutting.csproj", "{A52F7068-65A7-4C4A-ACDC-69DB01C357CF}"
EndProject
Project("{9A19103F-16F7-4668-BE54-9A1E7A4F7556}") = "Gateway.Domain", "Gateway.Domain\Gateway.Domain.csproj", "{6FEE8861-073F-4C15-B46E-A4EA69DB9133}"
EndProject
Project("{9A19103F-16F7-4668-BE54-9A1E7A4F7556}") = "Gateway.API", "Gateway.API\Gateway.API.csproj", "{8DD6D406-06D2-4D6B-84EC-30888C0CDA15}"
EndProject
Project("{FAE04EC0-301F-11D3-BF4B-00C04F79EFBC}") = "Gateway.InfraData", "Gateway.InfraData\Gateway.InfraData.csproj", "{C3E77B0A-121E-4DC6-94B5-C0E97FA7CA69}"
EndProject
Global
	GlobalSection(SolutionConfigurationPlatforms) = preSolution
		Debug|Any CPU = Debug|Any CPU
		Release|Any CPU = Release|Any CPU
	EndGlobalSection
	GlobalSection(ProjectConfigurationPlatforms) = postSolution
		{A52F7068-65A7-4C4A-ACDC-69DB01C357CF}.Debug|Any CPU.ActiveCfg = Debug|Any CPU
		{A52F7068-65A7-4C4A-ACDC-69DB01C357CF}.Debug|Any CPU.Build.0 = Debug|Any CPU
		{A52F7068-65A7-4C4A-ACDC-69DB01C357CF}.Release|Any CPU.ActiveCfg = Release|Any CPU
		{A52F7068-65A7-4C4A-ACDC-69DB01C357CF}.Release|Any CPU.Build.0 = Release|Any CPU
		{6FEE8861-073F-4C15-B46E-A4EA69DB9133}.Debug|Any CPU.ActiveCfg = Debug|Any CPU
		{6FEE8861-073F-4C15-B46E-A4EA69DB9133}.Debug|Any CPU.Build.0 = Debug|Any CPU
		{6FEE8861-073F-4C15-B46E-A4EA69DB9133}.Release|Any CPU.ActiveCfg = Release|Any CPU
		{6FEE8861-073F-4C15-B46E-A4EA69DB9133}.Release|Any CPU.Build.0 = Release|Any CPU
		{8DD6D406-06D2-4D6B-84EC-30888C0CDA15}.Debug|Any CPU.ActiveCfg = Debug|Any CPU
		{8DD6D406-06D2-4D6B-84EC-30888C0CDA15}.Debug|Any CPU.Build.0 = Debug|Any CPU
		{8DD6D406-06D2-4D6B-84EC-30888C0CDA15}.Release|Any CPU.ActiveCfg = Release|Any CPU
		{8DD6D406-06D2-4D6B-84EC-30888C0CDA15}.Release|Any CPU.Build.0 = Release|Any CPU
		{C3E77B0A-121E-4DC6-94B5-C0E97FA7CA69}.Debug|Any CPU.ActiveCfg = Debug|Any CPU
		{C3E77B0A-121E-4DC6-94B5-C0E97FA7CA69}.Debug|Any CPU.Build.0 = Debug|Any CPU
		{C3E77B0A-121E-4DC6-94B5-C0E97FA7CA69}.Release|Any CPU.ActiveCfg = Release|Any CPU
		{C3E77B0A-121E-4DC6-94B5-C0E97FA7CA69}.Release|Any CPU.Build.0 = Release|Any CPU
	EndGlobalSection
	GlobalSection(SolutionProperties) = preSolution
		HideSolutionNode = FALSE
	EndGlobalSection
	GlobalSection(ExtensibilityGlobals) = postSolution
		SolutionGuid = {B3615D61-86B9-4947-8CCD-73970EAFCA01}
	EndGlobalSection
EndGlobal
