
Microsoft Visual Studio Solution File, Format Version 12.00
# Visual Studio Version 17
VisualStudioVersion = 17.5.33502.453
MinimumVisualStudioVersion = 10.0.40219.1
Project("{9A19103F-16F7-4668-BE54-9A1E7A4F7556}") = "Product.Domain", "Product.Domain\Product.Domain.csproj", "{23C6E983-91FC-41BD-BBED-CE4E1B9620CE}"
EndProject
Project("{9A19103F-16F7-4668-BE54-9A1E7A4F7556}") = "Product.InfraData", "Product.InfraData\Product.InfraData.csproj", "{B43FDCB4-2E2A-45FF-B863-2ABA14B7355C}"
EndProject
Project("{9A19103F-16F7-4668-BE54-9A1E7A4F7556}") = "Product.Lambda", "Product.Lambda\Product.Lambda.csproj", "{DD5C6FD8-D7AA-4442-B721-C3FFF04D49ED}"
EndProject
Global
	GlobalSection(SolutionConfigurationPlatforms) = preSolution
		Debug|Any CPU = Debug|Any CPU
		Release|Any CPU = Release|Any CPU
	EndGlobalSection
	GlobalSection(ProjectConfigurationPlatforms) = postSolution
		{23C6E983-91FC-41BD-BBED-CE4E1B9620CE}.Debug|Any CPU.ActiveCfg = Debug|Any CPU
		{23C6E983-91FC-41BD-BBED-CE4E1B9620CE}.Debug|Any CPU.Build.0 = Debug|Any CPU
		{23C6E983-91FC-41BD-BBED-CE4E1B9620CE}.Release|Any CPU.ActiveCfg = Release|Any CPU
		{23C6E983-91FC-41BD-BBED-CE4E1B9620CE}.Release|Any CPU.Build.0 = Release|Any CPU
		{B43FDCB4-2E2A-45FF-B863-2ABA14B7355C}.Debug|Any CPU.ActiveCfg = Debug|Any CPU
		{B43FDCB4-2E2A-45FF-B863-2ABA14B7355C}.Debug|Any CPU.Build.0 = Debug|Any CPU
		{B43FDCB4-2E2A-45FF-B863-2ABA14B7355C}.Release|Any CPU.ActiveCfg = Release|Any CPU
		{B43FDCB4-2E2A-45FF-B863-2ABA14B7355C}.Release|Any CPU.Build.0 = Release|Any CPU
		{DD5C6FD8-D7AA-4442-B721-C3FFF04D49ED}.Debug|Any CPU.ActiveCfg = Debug|Any CPU
		{DD5C6FD8-D7AA-4442-B721-C3FFF04D49ED}.Debug|Any CPU.Build.0 = Debug|Any CPU
		{DD5C6FD8-D7AA-4442-B721-C3FFF04D49ED}.Release|Any CPU.ActiveCfg = Release|Any CPU
		{DD5C6FD8-D7AA-4442-B721-C3FFF04D49ED}.Release|Any CPU.Build.0 = Release|Any CPU
	EndGlobalSection
	GlobalSection(SolutionProperties) = preSolution
		HideSolutionNode = FALSE
	EndGlobalSection
	GlobalSection(ExtensibilityGlobals) = postSolution
		SolutionGuid = {C81BDA1B-98DA-4F4C-97A3-D802D1A8C474}
	EndGlobalSection
EndGlobal
